{
  "name": "cloud-agents-contract-generator-supply",
  "version": "0.0.0",
  "lockfileVersion": 3,
  "requires": true,
  "packages": {
    "": {
      "name": "cloud-agents-contract-generator-supply",
      "version": "0.0.0",
      "license": "UNLICENSED",
      "dependencies": {
        "@bufbuild/protobuf": "2.14.0",
        "@bufbuild/protoc-gen-es": "2.14.0",
        "ajv": "8.20.0",
        "ajv-formats": "3.0.1",
        "oxfmt": "0.62.0"
      },
      "engines": {
        "node": "24.18.1",
        "npm": "11.8.0"
      }
    },
    "node_modules/@bufbuild/protobuf": {
      "version": "2.14.0",
      "resolved": "https://registry.npmjs.org/@bufbuild/protobuf/-/protobuf-2.14.0.tgz",
      "integrity": "sha512-C3UGsiCwSprE2NKIIFA3hCDlpXTMCAXRZuEVp88L1GY36Y41+rYL5fryE+nOFhp4p4JPQvdV8PQ4DWgHgeTE+w==",
      "license": "(Apache-2.0 AND BSD-3-Clause)"
    },
    "node_modules/@bufbuild/protoc-gen-es": {
      "version": "2.14.0",
      "resolved": "https://registry.npmjs.org/@bufbuild/protoc-gen-es/-/protoc-gen-es-2.14.0.tgz",
      "integrity": "sha512-/Rrui0BJWSRONiKGYzqWq9ivGN3+cYkmc47QWITufr7K6yDb8HfssuJUSQZeptyg/rHbHrfDzCUjzoJ2pwuafg==",
      "license": "Apache-2.0",
      "dependencies": {
        "@bufbuild/protobuf": "2.14.0",
        "@bufbuild/protoplugin": "2.14.0"
      },
      "bin": {
        "protoc-gen-es": "bin/protoc-gen-es"
      },
      "engines": {
        "node": ">=22"
      },
      "peerDependencies": {
        "@bufbuild/protobuf": "2.14.0"
      },
      "peerDependenciesMeta": {
        "@bufbuild/protobuf": {
          "optional": true
        }
      }
    },
    "node_modules/@bufbuild/protoplugin": {
      "version": "2.14.0",
      "resolved": "https://registry.npmjs.org/@bufbuild/protoplugin/-/protoplugin-2.14.0.tgz",
      "integrity": "sha512-S0TvZhVtTEkZQRj2JsXBCXiib/b0+bLQtJCcn+hj9O/usgbcgxHn4D+ii22Ao3qj0/kKxVYeo7BtAI2dMk+iig==",
      "license": "Apache-2.0",
      "dependencies": {
        "@bufbuild/protobuf": "2.14.0",
        "@typescript/vfs": "^1.6.2",
        "typescript": "5.4.5"
      }
    },
    "node_modules/@oxfmt/binding-android-arm-eabi": {
      "version": "0.62.0",
      "resolved": "https://registry.npmjs.org/@oxfmt/binding-android-arm-eabi/-/binding-android-arm-eabi-0.62.0.tgz",
      "integrity": "sha512-pdsv0C4gPjJ8H1+sd8u0BDx+yLACTL+rgeMIOL1ln4ihSnhw8CWXtYWgvcSkyTfgGBIzFKab+d8rx9Xl4en/Kw==",
      "cpu": [
        "arm"
      ],
      "license": "MIT",
      "optional": true,
      "os": [
        "android"
      ],
      "engines": {
        "node": "^20.19.0 || >=22.12.0"
      }
    },
    "node_modules/@oxfmt/binding-android-arm64": {
      "version": "0.62.0",
      "resolved": "https://registry.npmjs.org/@oxfmt/binding-android-arm64/-/binding-android-arm64-0.62.0.tgz",
      "integrity": "sha512-WC3YQ7uS/KtDrjmqwBviwFKe9qeoi+eXx8aX1z/ffG23Md75myjrJaQqTuJvdOLPoa4EYTjDWH0dHXfwulCVog==",
      "cpu": [
        "arm64"
      ],
      "license": "MIT",
      "optional": true,
      "os": [
        "android"
      ],
      "engines": {
        "node": "^20.19.0 || >=22.12.0"
      }
    },
    "node_modules/@oxfmt/binding-darwin-arm64": {
      "version": "0.62.0",
      "resolved": "https://registry.npmjs.org/@oxfmt/binding-darwin-arm64/-/binding-darwin-arm64-0.62.0.tgz",
      "integrity": "sha512-GM8Yf3LjjaR1I8PD0SfeoIlwhsh9GvSF+cQ8sf624Yxnjsyumn95aFzYfKJVefblfDIiOAnZ7QVm2sa21Er/0Q==",
      "cpu": [
        "arm64"
      ],
      "license": "MIT",
      "optional": true,
      "os": [
        "darwin"
      ],
      "engines": {
        "node": "^20.19.0 || >=22.12.0"
      }
    },
    "node_modules/@oxfmt/binding-darwin-x64": {
      "version": "0.62.0",
      "resolved": "https://registry.npmjs.org/@oxfmt/binding-darwin-x64/-/binding-darwin-x64-0.62.0.tgz",
      "integrity": "sha512-d5THp7F8bCxLqNogEXDORRsQD6dosf3EyFtnXfBer6v+8tGdcWIjoDX9WaXrrF/26zOmL8qHpPTKCEvpBDmZkQ==",
      "cpu": [
        "x64"
      ],
      "license": "MIT",
      "optional": true,
      "os": [
        "darwin"
      ],
      "engines": {
        "node": "^20.19.0 || >=22.12.0"
      }
    },
    "node_modules/@oxfmt/binding-freebsd-x64": {
      "version": "0.62.0",
      "resolved": "https://registry.npmjs.org/@oxfmt/binding-freebsd-x64/-/binding-freebsd-x64-0.62.0.tgz",
      "integrity": "sha512-1DnrtXGZooOZ0fHgAXZUaDQzBVh1CM2MNW4oBXyQ2aWKvCHjyljvT9fgBkOM0fEOb96X5eqtcfJ0YUVt9jj66g==",
      "cpu": [
        "x64"
      ],
      "license": "MIT",
      "optional": true,
      "os": [
        "freebsd"
      ],
      "engines": {
        "node": "^20.19.0 || >=22.12.0"
      }
    },
    "node_modules/@oxfmt/binding-linux-arm-gnueabihf": {
      "version": "0.62.0",
      "resolved": "https://registry.npmjs.org/@oxfmt/binding-linux-arm-gnueabihf/-/binding-linux-arm-gnueabihf-0.62.0.tgz",
      "integrity": "sha512-4pQDHOYRH+Huqe0StIaWyvk2CVl/aTaqSrbZpA3/pLS2xH24ME7lBgYprhQF2fRkHBzhGGGKliwxFsDdHwx59g==",
      "cpu": [
        "arm"
      ],
      "license": "MIT",
      "optional": true,
      "os": [
        "linux"
      ],
      "engines": {
        "node": "^20.19.0 || >=22.12.0"
      }
    },
    "node_modules/@oxfmt/binding-linux-arm-musleabihf": {
      "version": "0.62.0",
      "resolved": "https://registry.npmjs.org/@oxfmt/binding-linux-arm-musleabihf/-/binding-linux-arm-musleabihf-0.62.0.tgz",
      "integrity": "sha512-X0jAaZJFMCVKhB6YyWVTQ/wN2DLsBcZKSMqTS76bF6riT+XZdtg2FPEdjDvdVbunO9cG+tWiVaEs4Zs38lxYog==",
      "cpu": [
        "arm"
      ],
      "license": "MIT",
      "optional": true,
      "os": [
        "linux"
      ],
      "engines": {
        "node": "^20.19.0 || >=22.12.0"
      }
    },
    "node_modules/@oxfmt/binding-linux-arm64-gnu": {
      "version": "0.62.0",
      "resolved": "https://registry.npmjs.org/@oxfmt/binding-linux-arm64-gnu/-/binding-linux-arm64-gnu-0.62.0.tgz",
      "integrity": "sha512-682Z8T5s8T5ATArYtsejKvbIfd8LEAXyyDkKkoZVq8HND7Vx8TYLlrDjDSeYfodMeVwHOgkj13lJYR8cj6vUSg==",
      "cpu": [
        "arm64"
      ],
      "license": "MIT",
      "optional": true,
      "os": [
        "linux"
      ],
      "engines": {
        "node": "^20.19.0 || >=22.12.0"
      }
    },
    "node_modules/@oxfmt/binding-linux-arm64-musl": {
      "version": "0.62.0",
      "resolved": "https://registry.npmjs.org/@oxfmt/binding-linux-arm64-musl/-/binding-linux-arm64-musl-0.62.0.tgz",
      "integrity": "sha512-lk25fAl7KWaLWVJcW0CHEXB7QlQZtx5eDkjpaGMK0hzXTjUe0Wmlu8IKuFHoviSOcEJedRTs4VE/506VqGxGew==",
      "cpu": [
        "arm64"
      ],
      "license": "MIT",
      "optional": true,
      "os": [
        "linux"
      ],
      "engines": {
        "node": "^20.19.0 || >=22.12.0"
      }
    },
    "node_modules/@oxfmt/binding-linux-ppc64-gnu": {
      "version": "0.62.0",
      "resolved": "https://registry.npmjs.org/@oxfmt/binding-linux-ppc64-gnu/-/binding-linux-ppc64-gnu-0.62.0.tgz",
      "integrity": "sha512-SFyNqHQLwySceWNLhiSldx7wPXRAzP0L0WcW9GegP3uWrpZGJiZlQO85NbHAFPEfxR9PhZ9qSnZryEh7+v+4Gw==",
      "cpu": [
        "ppc64"
      ],
      "license": "MIT",
      "optional": true,
      "os": [
        "linux"
      ],
      "engines": {
        "node": "^20.19.0 || >=22.12.0"
      }
    },
    "node_modules/@oxfmt/binding-linux-riscv64-gnu": {
      "version": "0.62.0",
      "resolved": "https://registry.npmjs.org/@oxfmt/binding-linux-riscv64-gnu/-/binding-linux-riscv64-gnu-0.62.0.tgz",
      "integrity": "sha512-KYj55C1ywJfHo6+aKDuEmUtVEdJALsC5GwayDGsI6FGz2GxFqNr/mA8nxVsNbJzm7sE5MRqTQ9ziImSzhYXysA==",
      "cpu": [
        "riscv64"
      ],
      "license": "MIT",
      "optional": true,
      "os": [
        "linux"
      ],
      "engines": {
        "node": "^20.19.0 || >=22.12.0"
      }
    },
    "node_modules/@oxfmt/binding-linux-riscv64-musl": {
      "version": "0.62.0",
      "resolved": "https://registry.npmjs.org/@oxfmt/binding-linux-riscv64-musl/-/binding-linux-riscv64-musl-0.62.0.tgz",
      "integrity": "sha512-BhZDNo5GOU5nC378RhD0/XpvaEBHsH3HLgJp8YZX3A0InC7oivzA63HsRmiXFLtLSHAstEVrDf6fbC7Rs8Jh/A==",
      "cpu": [
        "riscv64"
      ],
      "license": "MIT",
      "optional": true,
      "os": [
        "linux"
      ],
      "engines": {
        "node": "^20.19.0 || >=22.12.0"
      }
    },
    "node_modules/@oxfmt/binding-linux-s390x-gnu": {
      "version": "0.62.0",
      "resolved": "https://registry.npmjs.org/@oxfmt/binding-linux-s390x-gnu/-/binding-linux-s390x-gnu-0.62.0.tgz",
      "integrity": "sha512-UyAFmyHkgSgUJ/wOM4p3U8AC2yAFvRH5PNBs7TnK0fObTT/XSWcdr/lAzPSWaekHaZFaMeFZyk9n93Joq3J93A==",
      "cpu": [
        "s390x"
      ],
      "license": "MIT",
      "optional": true,
      "os": [
        "linux"
      ],
      "engines": {
        "node": "^20.19.0 || >=22.12.0"
      }
    },
    "node_modules/@oxfmt/binding-linux-x64-gnu": {
      "version": "0.62.0",
      "resolved": "https://registry.npmjs.org/@oxfmt/binding-linux-x64-gnu/-/binding-linux-x64-gnu-0.62.0.tgz",
      "integrity": "sha512-1iYMP0leytWazFubD/WnINJuIrzRPuoL1aWEJdlGezEzDbTxcd29R4r8IUzP2oWeKst5V02uMJgR2NILlPlG6w==",
      "cpu": [
        "x64"
      ],
      "license": "MIT",
      "optional": true,
      "os": [
        "linux"
      ],
      "engines": {
        "node": "^20.19.0 || >=22.12.0"
      }
    },
    "node_modules/@oxfmt/binding-linux-x64-musl": {
      "version": "0.62.0",
      "resolved": "https://registry.npmjs.org/@oxfmt/binding-linux-x64-musl/-/binding-linux-x64-musl-0.62.0.tgz",
      "integrity": "sha512-4rA/URtJSTVNVAQz6Q8wf7SaRvOXVy+TizriT9hs/Y1XhLR/R+92uWKRQG8yFWRAIEBbFHJ6WevQcl/G9SXEfw==",
      "cpu": [
        "x64"
      ],
      "license": "MIT",
      "optional": true,
      "os": [
        "linux"
      ],
      "engines": {
        "node": "^20.19.0 || >=22.12.0"
      }
    },
    "node_modules/@oxfmt/binding-openharmony-arm64": {
      "version": "0.62.0",
      "resolved": "https://registry.npmjs.org/@oxfmt/binding-openharmony-arm64/-/binding-openharmony-arm64-0.62.0.tgz",
      "integrity": "sha512-mSZuFHU2ar1KLUjXpI2QBQcJ1VsOB3mOCgQXuXCpKs19dgh4u+OaovNfrWDfiJb+ihJ2+f7YFcaO9bS2dlTCXA==",
      "cpu": [
        "arm64"
      ],
      "license": "MIT",
      "optional": true,
      "os": [
        "openharmony"
      ],
      "engines": {
        "node": "^20.19.0 || >=22.12.0"
      }
    },
    "node_modules/@oxfmt/binding-win32-arm64-msvc": {
      "version": "0.62.0",
      "resolved": "https://registry.npmjs.org/@oxfmt/binding-win32-arm64-msvc/-/binding-win32-arm64-msvc-0.62.0.tgz",
      "integrity": "sha512-OfwuhkcjDlqC4EgDojtiV9mzpLqeB9KqTOWPOjLEYBVdDCVSxqW3qzp/xcIxsbtI0UgGCnKvAqYKyY25kf5JZw==",
      "cpu": [
        "arm64"
      ],
      "license": "MIT",
      "optional": true,
      "os": [
        "win32"
      ],
      "engines": {
        "node": "^20.19.0 || >=22.12.0"
      }
    },
    "node_modules/@oxfmt/binding-win32-ia32-msvc": {
      "version": "0.62.0",
      "resolved": "https://registry.npmjs.org/@oxfmt/binding-win32-ia32-msvc/-/binding-win32-ia32-msvc-0.62.0.tgz",
      "integrity": "sha512-P9uDDNFRzghO3X8QAzhkjKhK7JvtABsVn8UYtFX7uor12IAnwNt8nNIctvfWj1JkQU/kE+fmLRPiw7XlrIHsZw==",
      "cpu": [
        "ia32"
      ],
      "license": "MIT",
      "optional": true,
      "os": [
        "win32"
      ],
      "engines": {
        "node": "^20.19.0 || >=22.12.0"
      }
    },
    "node_modules/@oxfmt/binding-win32-x64-msvc": {
      "version": "0.62.0",
      "resolved": "https://registry.npmjs.org/@oxfmt/binding-win32-x64-msvc/-/binding-win32-x64-msvc-0.62.0.tgz",
      "integrity": "sha512-dlI5SY7XYQCiCBafntWagCR6HcAJB/NpsLtdlPx8x08+Osz8Ok1HHz1GZuusegCe/VoJ6pAnF5a4pd5OZAq7qQ==",
      "cpu": [
        "x64"
      ],
      "license": "MIT",
      "optional": true,
      "os": [
        "win32"
      ],
      "engines": {
        "node": "^20.19.0 || >=22.12.0"
      }
    },
    "node_modules/@typescript/vfs": {
      "version": "1.6.4",
      "resolved": "https://registry.npmjs.org/@typescript/vfs/-/vfs-1.6.4.tgz",
      "integrity": "sha512-PJFXFS4ZJKiJ9Qiuix6Dz/OwEIqHD7Dme1UwZhTK11vR+5dqW2ACbdndWQexBzCx+CPuMe5WBYQWCsFyGlQLlQ==",
      "license": "MIT",
      "dependencies": {
        "debug": "^4.4.3"
      },
      "peerDependencies": {
        "typescript": "*"
      }
    },
    "node_modules/ajv": {
      "version": "8.20.0",
      "resolved": "https://registry.npmjs.org/ajv/-/ajv-8.20.0.tgz",
      "integrity": "sha512-Thbli+OlOj+iMPYFBVBfJ3OmCAnaSyNn4M1vz9T6Gka5Jt9ba/HIR56joy65tY6kx/FCF5VXNB819Y7/GUrBGA==",
      "license": "MIT",
      "dependencies": {
        "fast-deep-equal": "^3.1.3",
        "fast-uri": "^3.0.1",
        "json-schema-traverse": "^1.0.0",
        "require-from-string": "^2.0.2"
      },
      "funding": {
        "type": "github",
        "url": "https://github.com/sponsors/epoberezkin"
      }
    },
    "node_modules/ajv-formats": {
      "version": "3.0.1",
      "resolved": "https://registry.npmjs.org/ajv-formats/-/ajv-formats-3.0.1.tgz",
      "integrity": "sha512-8iUql50EUR+uUcdRQ3HDqa6EVyo3docL8g5WJ3FNcWmu62IbkGUue/pEyLBW8VGKKucTPgqeks4fIU1DA4yowQ==",
      "license": "MIT",
      "dependencies": {
        "ajv": "^8.0.0"
      },
      "peerDependencies": {
        "ajv": "^8.0.0"
      },
      "peerDependenciesMeta": {
        "ajv": {
          "optional": true
        }
      }
    },
    "node_modules/debug": {
      "version": "4.4.3",
      "resolved": "https://registry.npmjs.org/debug/-/debug-4.4.3.tgz",
      "integrity": "sha512-RGwwWnwQvkVfavKVt22FGLw+xYSdzARwm0ru6DhTVA3umU5hZc28V3kO4stgYryrTlLpuvgI9GiijltAjNbcqA==",
      "license": "MIT",
      "dependencies": {
        "ms": "^2.1.3"
      },
      "engines": {
        "node": ">=6.0"
      },
      "peerDependenciesMeta": {
        "supports-color": {
          "optional": true
        }
      }
    },
    "node_modules/fast-deep-equal": {
      "version": "3.1.3",
      "resolved": "https://registry.npmjs.org/fast-deep-equal/-/fast-deep-equal-3.1.3.tgz",
      "integrity": "sha512-f3qQ9oQy9j2AhBe/H9VC91wLmKBCCU/gDOnKNAYG5hswO7BLKj09Hc5HYNz9cGI++xlpDCIgDaitVs03ATR84Q==",
      "license": "MIT"
    },
    "node_modules/fast-uri": {
      "version": "3.1.6",
      "resolved": "https://registry.npmjs.org/fast-uri/-/fast-uri-3.1.6.tgz",
      "integrity": "sha512-7Ical1vFEMr0onbVzEDIreM22I4khW+fzyQPwvAFWBp1iwdshSZRsL4jjRvPG9JP1uiqMHRto+YU6R2/CzDz5Q==",
      "funding": [
        {
          "type": "github",
          "url": "https://github.com/sponsors/fastify"
        },
        {
          "type": "opencollective",
          "url": "https://opencollective.com/fastify"
        }
      ],
      "license": "BSD-3-Clause"
    },
    "node_modules/json-schema-traverse": {
      "version": "1.0.0",
      "resolved": "https://registry.npmjs.org/json-schema-traverse/-/json-schema-traverse-1.0.0.tgz",
      "integrity": "sha512-NM8/P9n3XjXhIZn1lLhkFaACTOURQXjWhV4BA/RnOv8xvgqtqpAX9IO4mRQxSx1Rlo4tqzeqb0sOlruaOy3dug==",
      "license": "MIT"
    },
    "node_modules/ms": {
      "version": "2.1.3",
      "resolved": "https://registry.npmjs.org/ms/-/ms-2.1.3.tgz",
      "integrity": "sha512-6FlzubTLZG3J2a/NVCAleEhjzq5oxgHyaCU9yYXvcLsvoVaHJq/s5xXI6/XXP6tz7R9xAOtHnSO/tXtF3WRTlA==",
      "license": "MIT"
    },
    "node_modules/oxfmt": {
      "version": "0.62.0",
      "resolved": "https://registry.npmjs.org/oxfmt/-/oxfmt-0.62.0.tgz",
      "integrity": "sha512-vxgGHTmnDU9j4CX7dDBLzxgmHxfda/yPcgJkGCMUSCwRmz+euo/V08xXLNgXTeqAB9Fhf3Pe2nO1RNKLCVgphQ==",
      "license": "MIT",
      "dependencies": {
        "tinypool": "2.1.0"
      },
      "bin": {
        "oxfmt": "bin/oxfmt"
      },
      "engines": {
        "node": "^20.19.0 || >=22.12.0"
      },
      "funding": {
        "url": "https://github.com/sponsors/Boshen"
      },
      "optionalDependencies": {
        "@oxfmt/binding-android-arm-eabi": "0.62.0",
        "@oxfmt/binding-android-arm64": "0.62.0",
        "@oxfmt/binding-darwin-arm64": "0.62.0",
        "@oxfmt/binding-darwin-x64": "0.62.0",
        "@oxfmt/binding-freebsd-x64": "0.62.0",
        "@oxfmt/binding-linux-arm-gnueabihf": "0.62.0",
        "@oxfmt/binding-linux-arm-musleabihf": "0.62.0",
        "@oxfmt/binding-linux-arm64-gnu": "0.62.0",
        "@oxfmt/binding-linux-arm64-musl": "0.62.0",
        "@oxfmt/binding-linux-ppc64-gnu": "0.62.0",
        "@oxfmt/binding-linux-riscv64-gnu": "0.62.0",
        "@oxfmt/binding-linux-riscv64-musl": "0.62.0",
        "@oxfmt/binding-linux-s390x-gnu": "0.62.0",
        "@oxfmt/binding-linux-x64-gnu": "0.62.0",
        "@oxfmt/binding-linux-x64-musl": "0.62.0",
        "@oxfmt/binding-openharmony-arm64": "0.62.0",
        "@oxfmt/binding-win32-arm64-msvc": "0.62.0",
        "@oxfmt/binding-win32-ia32-msvc": "0.62.0",
        "@oxfmt/binding-win32-x64-msvc": "0.62.0"
      },
      "peerDependencies": {
        "svelte": "^5.0.0",
        "vite-plus": "*"
      },
      "peerDependenciesMeta": {
        "svelte": {
          "optional": true
        },
        "vite-plus": {
          "optional": true
        }
      }
    },
    "node_modules/require-from-string": {
      "version": "2.0.2",
      "resolved": "https://registry.npmjs.org/require-from-string/-/require-from-string-2.0.2.tgz",
      "integrity": "sha512-Xf0nWe6RseziFMu+Ap9biiUbmplq6S9/p+7w7YXP/JBHhrUDDUhwa+vANyubuqfZWTveU//DYVGsDG7RKL/vEw==",
      "license": "MIT",
      "engines": {
        "node": ">=0.10.0"
      }
    },
    "node_modules/tinypool": {
      "version": "2.1.0",
      "resolved": "https://registry.npmjs.org/tinypool/-/tinypool-2.1.0.tgz",
      "integrity": "sha512-Pugqs6M0m7Lv1I7FtxN4aoyToKg1C4tu+/381vH35y8oENM/Ai7f7C4StcoK4/+BSw9ebcS8jRiVrORFKCALLw==",
      "license": "MIT",
      "engines": {
        "node": "^20.0.0 || >=22.0.0"
      }
    },
    "node_modules/typescript": {
      "version": "5.4.5",
      "resolved": "https://registry.npmjs.org/typescript/-/typescript-5.4.5.tgz",
      "integrity": "sha512-vcI4UpRgg81oIRUFwR0WSIHKt11nJ7SAVlYNIu+QpqeyXP+gpQJy/Z4+F0aGxSE4MqwjyXvW/TzgkLAx2AGHwQ==",
      "license": "Apache-2.0",
      "bin": {
        "tsc": "bin/tsc",
        "tsserver": "bin/tsserver"
      },
      "engines": {
        "node": ">=14.17"
      }
    }
  }
}
